
Microsoft Visual Studio Solution File, Format Version 12.00
# Visual Studio Version 17
VisualStudioVersion = 17.0.32014.148
MinimumVisualStudioVersion = 10.0.40219.1
Project("{2150E333-8FDC-42A3-9474-1A3956D46DE8}") = "src", "src", "{28C400D8-011C-4565-8916-D339C85F0999}"
EndProject
Project("{2150E333-8FDC-42A3-9474-1A3956D46DE8}") = "Services", "Services", "{8CA43191-2AB6-44C2-86D2-CA6E36FF233D}"
EndProject
Project("{2150E333-8FDC-42A3-9474-1A3956D46DE8}") = "BuildingBlocks", "BuildingBlocks", "{8F097227-2E61-4F13-972D-AAB2F62827DD}"
EndProject
Project("{2150E333-8FDC-42A3-9474-1A3956D46DE8}") = "Payments", "Payments", "{6A3D24A9-B9D0-405B-8FB7-9D78306F39E6}"
EndProject
Project("{2150E333-8FDC-42A3-9474-1A3956D46DE8}") = "Web", "Web", "{F58C7C0A-493E-43B7-BEDD-9D598D5E3F51}"
EndProject
Project("{2150E333-8FDC-42A3-9474-1A3956D46DE8}") = "Basket", "Basket", "{D9160FC2-4532-4E21-9F08-CB55294796B4}"
EndProject
Project("{2150E333-8FDC-42A3-9474-1A3956D46DE8}") = "Ordering", "Ordering", "{CD094AB8-3FCA-48FA-AC98-8ED2803B7BA2}"
EndProject
Project("{2150E333-8FDC-42A3-9474-1A3956D46DE8}") = "Product", "Product", "{86D5EF4C-A176-4679-BBE8-D7168B44A342}"
EndProject
Project("{2150E333-8FDC-42A3-9474-1A3956D46DE8}") = "Payment", "Payment", "{8E413E0F-E710-4710-B237-D13D4FAF669E}"
EndProject
Project("{9A19103F-16F7-4668-BE54-9A1E7A4F7556}") = "AppleShop.Product.API", "AppleShop.Product.API\AppleShop.Product.API.csproj", "{A3E9D39F-CD67-4459-B2B9-651551B3CF21}"
EndProject
Project("{9A19103F-16F7-4668-BE54-9A1E7A4F7556}") = "AppleShop.Web", "AppleShop.Web\AppleShop.Web.csproj", "{5C00C133-A4B7-4094-968A-3810F5EE5661}"
EndProject
Project("{2150E333-8FDC-42A3-9474-1A3956D46DE8}") = "Identity", "Identity", "{B301F1DE-339E-40F9-BB83-A1BE60995F80}"
EndProject
Project("{9A19103F-16F7-4668-BE54-9A1E7A4F7556}") = "AppleShop.Identity.API", "AppleShop.Identity.API\AppleShop.Identity.API.csproj", "{4588F0DC-EBD0-4121-BAB8-3FFC85756403}"
EndProject
Project("{9A19103F-16F7-4668-BE54-9A1E7A4F7556}") = "AppleShop.Basket.API", "AppleShop.Basket.API\AppleShop.Basket.API.csproj", "{0C8000E8-12E0-453C-B3D7-3830CBFFA52B}"
EndProject
Project("{9A19103F-16F7-4668-BE54-9A1E7A4F7556}") = "AppleShop.Ordering.API", "AppleShop.Ordering.API\AppleShop.Ordering.API.csproj", "{459277A8-A957-4690-8880-392C7CDF5933}"
EndProject
Project("{9A19103F-16F7-4668-BE54-9A1E7A4F7556}") = "PaymentProcessor", "PaymentProcessor\PaymentProcessor.csproj", "{EDCEB9D7-2B5B-4CCA-8169-04E6104ED065}"
EndProject
Project("{9A19103F-16F7-4668-BE54-9A1E7A4F7556}") = "AppleShop.Payment.API", "AppleShop.Payment.API\AppleShop.Payment.API.csproj", "{1FB41D24-1082-441E-A440-E98588AAF81A}"
EndProject
Global
	GlobalSection(SolutionConfigurationPlatforms) = preSolution
		Debug|Any CPU = Debug|Any CPU
		Release|Any CPU = Release|Any CPU
	EndGlobalSection
	GlobalSection(ProjectConfigurationPlatforms) = postSolution
		{A3E9D39F-CD67-4459-B2B9-651551B3CF21}.Debug|Any CPU.ActiveCfg = Debug|Any CPU
		{A3E9D39F-CD67-4459-B2B9-651551B3CF21}.Debug|Any CPU.Build.0 = Debug|Any CPU
		{A3E9D39F-CD67-4459-B2B9-651551B3CF21}.Release|Any CPU.ActiveCfg = Release|Any CPU
		{A3E9D39F-CD67-4459-B2B9-651551B3CF21}.Release|Any CPU.Build.0 = Release|Any CPU
		{5C00C133-A4B7-4094-968A-3810F5EE5661}.Debug|Any CPU.ActiveCfg = Debug|Any CPU
		{5C00C133-A4B7-4094-968A-3810F5EE5661}.Debug|Any CPU.Build.0 = Debug|Any CPU
		{5C00C133-A4B7-4094-968A-3810F5EE5661}.Release|Any CPU.ActiveCfg = Release|Any CPU
		{5C00C133-A4B7-4094-968A-3810F5EE5661}.Release|Any CPU.Build.0 = Release|Any CPU
		{4588F0DC-EBD0-4121-BAB8-3FFC85756403}.Debug|Any CPU.ActiveCfg = Debug|Any CPU
		{4588F0DC-EBD0-4121-BAB8-3FFC85756403}.Debug|Any CPU.Build.0 = Debug|Any CPU
		{4588F0DC-EBD0-4121-BAB8-3FFC85756403}.Release|Any CPU.ActiveCfg = Release|Any CPU
		{4588F0DC-EBD0-4121-BAB8-3FFC85756403}.Release|Any CPU.Build.0 = Release|Any CPU
		{0C8000E8-12E0-453C-B3D7-3830CBFFA52B}.Debug|Any CPU.ActiveCfg = Debug|Any CPU
		{0C8000E8-12E0-453C-B3D7-3830CBFFA52B}.Debug|Any CPU.Build.0 = Debug|Any CPU
		{0C8000E8-12E0-453C-B3D7-3830CBFFA52B}.Release|Any CPU.ActiveCfg = Release|Any CPU
		{0C8000E8-12E0-453C-B3D7-3830CBFFA52B}.Release|Any CPU.Build.0 = Release|Any CPU
		{459277A8-A957-4690-8880-392C7CDF5933}.Debug|Any CPU.ActiveCfg = Debug|Any CPU
		{459277A8-A957-4690-8880-392C7CDF5933}.Debug|Any CPU.Build.0 = Debug|Any CPU
		{459277A8-A957-4690-8880-392C7CDF5933}.Release|Any CPU.ActiveCfg = Release|Any CPU
		{459277A8-A957-4690-8880-392C7CDF5933}.Release|Any CPU.Build.0 = Release|Any CPU
		{EDCEB9D7-2B5B-4CCA-8169-04E6104ED065}.Debug|Any CPU.ActiveCfg = Debug|Any CPU
		{EDCEB9D7-2B5B-4CCA-8169-04E6104ED065}.Debug|Any CPU.Build.0 = Debug|Any CPU
		{EDCEB9D7-2B5B-4CCA-8169-04E6104ED065}.Release|Any CPU.ActiveCfg = Release|Any CPU
		{EDCEB9D7-2B5B-4CCA-8169-04E6104ED065}.Release|Any CPU.Build.0 = Release|Any CPU
		{1FB41D24-1082-441E-A440-E98588AAF81A}.Debug|Any CPU.ActiveCfg = Debug|Any CPU
		{1FB41D24-1082-441E-A440-E98588AAF81A}.Debug|Any CPU.Build.0 = Debug|Any CPU
		{1FB41D24-1082-441E-A440-E98588AAF81A}.Release|Any CPU.ActiveCfg = Release|Any CPU
		{1FB41D24-1082-441E-A440-E98588AAF81A}.Release|Any CPU.Build.0 = Release|Any CPU
	EndGlobalSection
	GlobalSection(SolutionProperties) = preSolution
		HideSolutionNode = FALSE
	EndGlobalSection
	GlobalSection(NestedProjects) = preSolution
		{8CA43191-2AB6-44C2-86D2-CA6E36FF233D} = {28C400D8-011C-4565-8916-D339C85F0999}
		{8F097227-2E61-4F13-972D-AAB2F62827DD} = {28C400D8-011C-4565-8916-D339C85F0999}
		{6A3D24A9-B9D0-405B-8FB7-9D78306F39E6} = {28C400D8-011C-4565-8916-D339C85F0999}
		{F58C7C0A-493E-43B7-BEDD-9D598D5E3F51} = {28C400D8-011C-4565-8916-D339C85F0999}
		{D9160FC2-4532-4E21-9F08-CB55294796B4} = {8CA43191-2AB6-44C2-86D2-CA6E36FF233D}
		{CD094AB8-3FCA-48FA-AC98-8ED2803B7BA2} = {8CA43191-2AB6-44C2-86D2-CA6E36FF233D}
		{86D5EF4C-A176-4679-BBE8-D7168B44A342} = {8CA43191-2AB6-44C2-86D2-CA6E36FF233D}
		{8E413E0F-E710-4710-B237-D13D4FAF669E} = {8CA43191-2AB6-44C2-86D2-CA6E36FF233D}
		{A3E9D39F-CD67-4459-B2B9-651551B3CF21} = {86D5EF4C-A176-4679-BBE8-D7168B44A342}
		{5C00C133-A4B7-4094-968A-3810F5EE5661} = {F58C7C0A-493E-43B7-BEDD-9D598D5E3F51}
		{B301F1DE-339E-40F9-BB83-A1BE60995F80} = {8CA43191-2AB6-44C2-86D2-CA6E36FF233D}
		{4588F0DC-EBD0-4121-BAB8-3FFC85756403} = {B301F1DE-339E-40F9-BB83-A1BE60995F80}
		{0C8000E8-12E0-453C-B3D7-3830CBFFA52B} = {D9160FC2-4532-4E21-9F08-CB55294796B4}
		{459277A8-A957-4690-8880-392C7CDF5933} = {CD094AB8-3FCA-48FA-AC98-8ED2803B7BA2}
		{EDCEB9D7-2B5B-4CCA-8169-04E6104ED065} = {6A3D24A9-B9D0-405B-8FB7-9D78306F39E6}
		{1FB41D24-1082-441E-A440-E98588AAF81A} = {8E413E0F-E710-4710-B237-D13D4FAF669E}
	EndGlobalSection
	GlobalSection(ExtensibilityGlobals) = postSolution
		SolutionGuid = {F8679ECD-858A-4B20-A4A6-C564E39CB378}
	EndGlobalSection
EndGlobal
